
Microsoft Visual Studio Solution File, Format Version 12.00
# Visual Studio Version 16
VisualStudioVersion = 16.0.31410.357
MinimumVisualStudioVersion = 10.0.40219.1
Project("{9A19103F-16F7-4668-BE54-9A1E7A4F7556}") = "TennisBookings.Web", "TennisBookings.Web\TennisBookings.Web.csproj", "{EE3C4FC9-4BF8-4447-A588-B625CA39801A}"
EndProject
Project("{9A19103F-16F7-4668-BE54-9A1E7A4F7556}") = "WeatherService.Api", "WeatherService.Api\WeatherService.Api.csproj", "{B85EF6EC-DE01-4818-962F-4A5C53A7F410}"
EndProject
Project("{9A19103F-16F7-4668-BE54-9A1E7A4F7556}") = "BrandedProducts.Api", "BrandedProducts.Api\BrandedProducts.Api.csproj", "{6BF56685-E9A9-4C25-899A-BB8900EB5285}"
EndProject
Project("{9A19103F-16F7-4668-BE54-9A1E7A4F7556}") = "TennisBookings.Web.Tests", "test\TennisBookings.Web.Tests\TennisBookings.Web.Tests.csproj", "{39230DB0-B3E8-419C-89A4-4779B1871E29}"
EndProject
Global
	GlobalSection(SolutionConfigurationPlatforms) = preSolution
		Debug|Any CPU = Debug|Any CPU
		Release|Any CPU = Release|Any CPU
	EndGlobalSection
	GlobalSection(ProjectConfigurationPlatforms) = postSolution
		{EE3C4FC9-4BF8-4447-A588-B625CA39801A}.Debug|Any CPU.ActiveCfg = Debug|Any CPU
		{EE3C4FC9-4BF8-4447-A588-B625CA39801A}.Debug|Any CPU.Build.0 = Debug|Any CPU
		{EE3C4FC9-4BF8-4447-A588-B625CA39801A}.Release|Any CPU.ActiveCfg = Release|Any CPU
		{EE3C4FC9-4BF8-4447-A588-B625CA39801A}.Release|Any CPU.Build.0 = Release|Any CPU
		{B85EF6EC-DE01-4818-962F-4A5C53A7F410}.Debug|Any CPU.ActiveCfg = Debug|Any CPU
		{B85EF6EC-DE01-4818-962F-4A5C53A7F410}.Debug|Any CPU.Build.0 = Debug|Any CPU
		{B85EF6EC-DE01-4818-962F-4A5C53A7F410}.Release|Any CPU.ActiveCfg = Release|Any CPU
		{B85EF6EC-DE01-4818-962F-4A5C53A7F410}.Release|Any CPU.Build.0 = Release|Any CPU
		{6BF56685-E9A9-4C25-899A-BB8900EB5285}.Debug|Any CPU.ActiveCfg = Debug|Any CPU
		{6BF56685-E9A9-4C25-899A-BB8900EB5285}.Debug|Any CPU.Build.0 = Debug|Any CPU
		{6BF56685-E9A9-4C25-899A-BB8900EB5285}.Release|Any CPU.ActiveCfg = Release|Any CPU
		{6BF56685-E9A9-4C25-899A-BB8900EB5285}.Release|Any CPU.Build.0 = Release|Any CPU
		{39230DB0-B3E8-419C-89A4-4779B1871E29}.Debug|Any CPU.ActiveCfg = Debug|Any CPU
		{39230DB0-B3E8-419C-89A4-4779B1871E29}.Debug|Any CPU.Build.0 = Debug|Any CPU
		{39230DB0-B3E8-419C-89A4-4779B1871E29}.Release|Any CPU.ActiveCfg = Release|Any CPU
		{39230DB0-B3E8-419C-89A4-4779B1871E29}.Release|Any CPU.Build.0 = Release|Any CPU
	EndGlobalSection
	GlobalSection(SolutionProperties) = preSolution
		HideSolutionNode = FALSE
	EndGlobalSection
	GlobalSection(ExtensibilityGlobals) = postSolution
		SolutionGuid = {837DA2B5-766D-4141-9418-2BD61BA920A2}
	EndGlobalSection
EndGlobal
